
Microsoft Visual Studio Solution File, Format Version 12.00
# Visual Studio Version 17
VisualStudioVersion = 17.0.31611.283
MinimumVisualStudioVersion = 10.0.40219.1
Project("{9A19103F-16F7-4668-BE54-9A1E7A4F7556}") = "Server", "SecretHitlerServer\Server.csproj", "{58B0C720-1E78-404A-913C-CF2E024E0DC5}"
EndProject
Project("{9A19103F-16F7-4668-BE54-9A1E7A4F7556}") = "Client", "SecretHitlerClient\Client.csproj", "{FBF0DAF1-9F4C-4546-9DC1-34FB1B694CB5}"
EndProject
Project("{D954291E-2A0B-460D-934E-DC6B0785DB48}") = "Shared", "SecretHitlerShared\Shared.shproj", "{53580ADC-B883-4A97-BF9F-2DCEC761DD36}"
EndProject
Global
	GlobalSection(SolutionConfigurationPlatforms) = preSolution
		Debug|Any CPU = Debug|Any CPU
		Release|Any CPU = Release|Any CPU
	EndGlobalSection
	GlobalSection(ProjectConfigurationPlatforms) = postSolution
		{58B0C720-1E78-404A-913C-CF2E024E0DC5}.Debug|Any CPU.ActiveCfg = Debug|Any CPU
		{58B0C720-1E78-404A-913C-CF2E024E0DC5}.Debug|Any CPU.Build.0 = Debug|Any CPU
		{58B0C720-1E78-404A-913C-CF2E024E0DC5}.Release|Any CPU.ActiveCfg = Release|Any CPU
		{58B0C720-1E78-404A-913C-CF2E024E0DC5}.Release|Any CPU.Build.0 = Release|Any CPU
		{FBF0DAF1-9F4C-4546-9DC1-34FB1B694CB5}.Debug|Any CPU.ActiveCfg = Debug|Any CPU
		{FBF0DAF1-9F4C-4546-9DC1-34FB1B694CB5}.Debug|Any CPU.Build.0 = Debug|Any CPU
		{FBF0DAF1-9F4C-4546-9DC1-34FB1B694CB5}.Debug|Any CPU.Deploy.0 = Debug|Any CPU
		{FBF0DAF1-9F4C-4546-9DC1-34FB1B694CB5}.Release|Any CPU.ActiveCfg = Release|Any CPU
		{FBF0DAF1-9F4C-4546-9DC1-34FB1B694CB5}.Release|Any CPU.Build.0 = Release|Any CPU
		{FBF0DAF1-9F4C-4546-9DC1-34FB1B694CB5}.Release|Any CPU.Deploy.0 = Release|Any CPU
	EndGlobalSection
	GlobalSection(SolutionProperties) = preSolution
		HideSolutionNode = FALSE
	EndGlobalSection
	GlobalSection(ExtensibilityGlobals) = postSolution
		SolutionGuid = {61F7FB11-1E47-470C-91E2-47F8143E1572}
	EndGlobalSection
	GlobalSection(SharedMSBuildProjectFiles) = preSolution
		SecretHitlerShared\SecretHitlerShared.projitems*{53580adc-b883-4a97-bf9f-2dcec761dd36}*SharedItemsImports = 13
		SecretHitlerShared\SecretHitlerShared.projitems*{58b0c720-1e78-404a-913c-cf2e024e0dc5}*SharedItemsImports = 5
		SecretHitlerShared\SecretHitlerShared.projitems*{fbf0daf1-9f4c-4546-9dc1-34fb1b694cb5}*SharedItemsImports = 5
	EndGlobalSection
EndGlobal
